<?xml version="1.0" encoding="utf-8"?>
<Project ToolsVersion="4.0" xmlns="http://schemas.microsoft.com/developer/msbuild/2003">
  <ItemGroup>
    <Filter Include="REngine">
      <UniqueIdentifier>{4DD6DB54-B9B5-5AF0-C2CD-E5C62E2CC151}</UniqueIdentifier>
    </Filter>
  </ItemGroup>
  <ItemGroup>
    <ClInclude Include="src\REngine.h" />
    <ClInclude Include="src\REngine\Application.h">
      <Filter>REngine</Filter>
    </ClInclude>
    <ClInclude Include="src\REngine\Core.h">
      <Filter>REngine</Filter>
    </ClInclude>
    <ClInclude Include="src\REngine\EntryPoint.h">
      <Filter>REngine</Filter>
    </ClInclude>
    <ClInclude Include="src\REngine\Log.h">
      <Filter>REngine</Filter>
    </ClInclude>
  </ItemGroup>
  <ItemGroup>
    <ClCompile Include="src\REngine\Application.cpp">
      <Filter>REngine</Filter>
    </ClCompile>
    <ClCompile Include="src\REngine\Log.cpp">
      <Filter>REngine</Filter>
    </ClCompile>
  </ItemGroup>
</Project>